
Microsoft Visual Studio Solution File, Format Version 12.00
# Visual Studio 15
VisualStudioVersion = 15.0.27130.2027
MinimumVisualStudioVersion = 10.0.40219.1
Project("{FAE04EC0-301F-11D3-BF4B-00C04F79EFBC}") = "ExpressionPlayground", "ExpressionPlayground\ExpressionPlayground.csproj", "{81481A20-8964-496E-B971-756486C5E34E}"
EndProject
Project("{FAE04EC0-301F-11D3-BF4B-00C04F79EFBC}") = "Serpent.InterfaceProxy.NetFramework", "Serpent.InterfaceProxy.NetFramework\Serpent.InterfaceProxy.NetFramework.csproj", "{3A95DE7D-3B01-4EA9-B1BD-CD3EF76C49AB}"
EndProject
Project("{FAE04EC0-301F-11D3-BF4B-00C04F79EFBC}") = "Serpent.InterfaceProxy.NetFramework.Tests", "Serpent.InterfaceProxy.NetFramework.Tests\Serpent.InterfaceProxy.NetFramework.Tests.csproj", "{B9A1157D-77B2-4ED7-8715-D7F6B91CE28C}"
EndProject
Project("{9A19103F-16F7-4668-BE54-9A1E7A4F7556}") = "InterfaceCloneAdd", "InterfaceCloneAdd\InterfaceCloneAdd.csproj", "{321F6EFB-7ACB-4BDE-9721-CB67A5E95D71}"
EndProject
Project("{FAE04EC0-301F-11D3-BF4B-00C04F79EFBC}") = "InterfaceCloneAndAddWithDebug", "InterfaceCloneAndAddWithDebug\InterfaceCloneAndAddWithDebug.csproj", "{48BC5720-F03C-4D90-8DB6-C548EB1B1A5A}"
EndProject
Project("{FAE04EC0-301F-11D3-BF4B-00C04F79EFBC}") = "Serpent.IntermediateLanguageTools", "Serpent.IntermediateLanguageTools\Serpent.IntermediateLanguageTools.csproj", "{8393BC68-F6B0-41D4-A01B-D41A2F94F8BA}"
EndProject
Project("{FAE04EC0-301F-11D3-BF4B-00C04F79EFBC}") = "Serpent.IntermediateLanguageTools.Tests", "Serpent.IntermediateLanguageTools.Tests\Serpent.IntermediateLanguageTools.Tests.csproj", "{705CBD0B-61E6-4A55-BD31-7A1EAB92732E}"
EndProject
Project("{FAE04EC0-301F-11D3-BF4B-00C04F79EFBC}") = "Serpent.IntermediateLanguageTools.Console", "Serpent.IntermediateLanguageTools.Console\Serpent.IntermediateLanguageTools.Console.csproj", "{D25AADED-26FD-4F6B-9DE8-E1D1F65C8B29}"
EndProject
Global
	GlobalSection(SolutionConfigurationPlatforms) = preSolution
		Debug|Any CPU = Debug|Any CPU
		Release|Any CPU = Release|Any CPU
	EndGlobalSection
	GlobalSection(ProjectConfigurationPlatforms) = postSolution
		{81481A20-8964-496E-B971-756486C5E34E}.Debug|Any CPU.ActiveCfg = Debug|Any CPU
		{81481A20-8964-496E-B971-756486C5E34E}.Debug|Any CPU.Build.0 = Debug|Any CPU
		{81481A20-8964-496E-B971-756486C5E34E}.Release|Any CPU.ActiveCfg = Release|Any CPU
		{81481A20-8964-496E-B971-756486C5E34E}.Release|Any CPU.Build.0 = Release|Any CPU
		{3A95DE7D-3B01-4EA9-B1BD-CD3EF76C49AB}.Debug|Any CPU.ActiveCfg = Debug|Any CPU
		{3A95DE7D-3B01-4EA9-B1BD-CD3EF76C49AB}.Debug|Any CPU.Build.0 = Debug|Any CPU
		{3A95DE7D-3B01-4EA9-B1BD-CD3EF76C49AB}.Release|Any CPU.ActiveCfg = Release|Any CPU
		{3A95DE7D-3B01-4EA9-B1BD-CD3EF76C49AB}.Release|Any CPU.Build.0 = Release|Any CPU
		{B9A1157D-77B2-4ED7-8715-D7F6B91CE28C}.Debug|Any CPU.ActiveCfg = Debug|Any CPU
		{B9A1157D-77B2-4ED7-8715-D7F6B91CE28C}.Debug|Any CPU.Build.0 = Debug|Any CPU
		{B9A1157D-77B2-4ED7-8715-D7F6B91CE28C}.Release|Any CPU.ActiveCfg = Release|Any CPU
		{B9A1157D-77B2-4ED7-8715-D7F6B91CE28C}.Release|Any CPU.Build.0 = Release|Any CPU
		{321F6EFB-7ACB-4BDE-9721-CB67A5E95D71}.Debug|Any CPU.ActiveCfg = Debug|Any CPU
		{321F6EFB-7ACB-4BDE-9721-CB67A5E95D71}.Debug|Any CPU.Build.0 = Debug|Any CPU
		{321F6EFB-7ACB-4BDE-9721-CB67A5E95D71}.Release|Any CPU.ActiveCfg = Release|Any CPU
		{321F6EFB-7ACB-4BDE-9721-CB67A5E95D71}.Release|Any CPU.Build.0 = Release|Any CPU
		{48BC5720-F03C-4D90-8DB6-C548EB1B1A5A}.Debug|Any CPU.ActiveCfg = Debug|Any CPU
		{48BC5720-F03C-4D90-8DB6-C548EB1B1A5A}.Debug|Any CPU.Build.0 = Debug|Any CPU
		{48BC5720-F03C-4D90-8DB6-C548EB1B1A5A}.Release|Any CPU.ActiveCfg = Release|Any CPU
		{48BC5720-F03C-4D90-8DB6-C548EB1B1A5A}.Release|Any CPU.Build.0 = Release|Any CPU
		{8393BC68-F6B0-41D4-A01B-D41A2F94F8BA}.Debug|Any CPU.ActiveCfg = Debug|Any CPU
		{8393BC68-F6B0-41D4-A01B-D41A2F94F8BA}.Debug|Any CPU.Build.0 = Debug|Any CPU
		{8393BC68-F6B0-41D4-A01B-D41A2F94F8BA}.Release|Any CPU.ActiveCfg = Release|Any CPU
		{8393BC68-F6B0-41D4-A01B-D41A2F94F8BA}.Release|Any CPU.Build.0 = Release|Any CPU
		{705CBD0B-61E6-4A55-BD31-7A1EAB92732E}.Debug|Any CPU.ActiveCfg = Debug|Any CPU
		{705CBD0B-61E6-4A55-BD31-7A1EAB92732E}.Debug|Any CPU.Build.0 = Debug|Any CPU
		{705CBD0B-61E6-4A55-BD31-7A1EAB92732E}.Release|Any CPU.ActiveCfg = Release|Any CPU
		{705CBD0B-61E6-4A55-BD31-7A1EAB92732E}.Release|Any CPU.Build.0 = Release|Any CPU
		{D25AADED-26FD-4F6B-9DE8-E1D1F65C8B29}.Debug|Any CPU.ActiveCfg = Debug|Any CPU
		{D25AADED-26FD-4F6B-9DE8-E1D1F65C8B29}.Debug|Any CPU.Build.0 = Debug|Any CPU
		{D25AADED-26FD-4F6B-9DE8-E1D1F65C8B29}.Release|Any CPU.ActiveCfg = Release|Any CPU
		{D25AADED-26FD-4F6B-9DE8-E1D1F65C8B29}.Release|Any CPU.Build.0 = Release|Any CPU
	EndGlobalSection
	GlobalSection(SolutionProperties) = preSolution
		HideSolutionNode = FALSE
	EndGlobalSection
	GlobalSection(ExtensibilityGlobals) = postSolution
		SolutionGuid = {2791EE4C-922F-4569-A911-912789BC2A89}
	EndGlobalSection
EndGlobal
